<?xml version="1.0" encoding="utf-8"?>
<Project ToolsVersion="4.0" xmlns="http://schemas.microsoft.com/developer/msbuild/2003">
  <ItemGroup>
    <Filter Include="Extras">
      <UniqueIdentifier>{4B5DA8C1-1369-5F40-9A59-1DA493AE9D84}</UniqueIdentifier>
    </Filter>
    <Filter Include="Extras\Serialize">
      <UniqueIdentifier>{E9771DC8-4B95-604C-B2FB-1A8BE43920DE}</UniqueIdentifier>
    </Filter>
    <Filter Include="Extras\Serialize\BulletXmlWorldImporter">
      <UniqueIdentifier>{25BE4A7C-815D-5340-806C-8443F95A5F6F}</UniqueIdentifier>
    </Filter>
  </ItemGroup>
  <ItemGroup>
    <ClInclude Include="..\..\Extras\Serialize\BulletXmlWorldImporter\btBulletXmlWorldImporter.h">
      <Filter>Extras\Serialize\BulletXmlWorldImporter</Filter>
    </ClInclude>
    <ClInclude Include="..\..\Extras\Serialize\BulletXmlWorldImporter\string_split.h">
      <Filter>Extras\Serialize\BulletXmlWorldImporter</Filter>
    </ClInclude>
    <ClInclude Include="..\..\Extras\Serialize\BulletXmlWorldImporter\tinystr.h">
      <Filter>Extras\Serialize\BulletXmlWorldImporter</Filter>
    </ClInclude>
    <ClInclude Include="..\..\Extras\Serialize\BulletXmlWorldImporter\tinyxml.h">
      <Filter>Extras\Serialize\BulletXmlWorldImporter</Filter>
    </ClInclude>
  </ItemGroup>
  <ItemGroup>
    <ClCompile Include="..\..\Extras\Serialize\BulletXmlWorldImporter\btBulletXmlWorldImporter.cpp">
      <Filter>Extras\Serialize\BulletXmlWorldImporter</Filter>
    </ClCompile>
    <ClCompile Include="..\..\Extras\Serialize\BulletXmlWorldImporter\string_split.cpp">
      <Filter>Extras\Serialize\BulletXmlWorldImporter</Filter>
    </ClCompile>
    <ClCompile Include="..\..\Extras\Serialize\BulletXmlWorldImporter\tinystr.cpp">
      <Filter>Extras\Serialize\BulletXmlWorldImporter</Filter>
    </ClCompile>
    <ClCompile Include="..\..\Extras\Serialize\BulletXmlWorldImporter\tinyxml.cpp">
      <Filter>Extras\Serialize\BulletXmlWorldImporter</Filter>
    </ClCompile>
    <ClCompile Include="..\..\Extras\Serialize\BulletXmlWorldImporter\tinyxmlerror.cpp">
      <Filter>Extras\Serialize\BulletXmlWorldImporter</Filter>
    </ClCompile>
    <ClCompile Include="..\..\Extras\Serialize\BulletXmlWorldImporter\tinyxmlparser.cpp">
      <Filter>Extras\Serialize\BulletXmlWorldImporter</Filter>
    </ClCompile>
  </ItemGroup>
</Project>
