<?xml version="1.0" encoding="utf-8"?>
<Project ToolsVersion="4.0" xmlns="http://schemas.microsoft.com/developer/msbuild/2003">
  <ItemGroup>
    <Filter Include="examples">
      <UniqueIdentifier>{E9E7DF6A-4CFA-9C43-8E5F-2CD2B4E1E805}</UniqueIdentifier>
    </Filter>
    <Filter Include="examples\ThirdPartyLibs">
      <UniqueIdentifier>{C6A2962D-25BB-6A45-A34E-60176E6F8130}</UniqueIdentifier>
    </Filter>
    <Filter Include="examples\ThirdPartyLibs\BussIK">
      <UniqueIdentifier>{9AED3113-409F-534A-8EEA-9AC38319212F}</UniqueIdentifier>
    </Filter>
  </ItemGroup>
  <ItemGroup>
    <ClInclude Include="..\..\examples\ThirdPartyLibs\BussIK\Jacobian.h">
      <Filter>examples\ThirdPartyLibs\BussIK</Filter>
    </ClInclude>
    <ClInclude Include="..\..\examples\ThirdPartyLibs\BussIK\LinearR2.h">
      <Filter>examples\ThirdPartyLibs\BussIK</Filter>
    </ClInclude>
    <ClInclude Include="..\..\examples\ThirdPartyLibs\BussIK\LinearR3.h">
      <Filter>examples\ThirdPartyLibs\BussIK</Filter>
    </ClInclude>
    <ClInclude Include="..\..\examples\ThirdPartyLibs\BussIK\LinearR4.h">
      <Filter>examples\ThirdPartyLibs\BussIK</Filter>
    </ClInclude>
    <ClInclude Include="..\..\examples\ThirdPartyLibs\BussIK\MathMisc.h">
      <Filter>examples\ThirdPartyLibs\BussIK</Filter>
    </ClInclude>
    <ClInclude Include="..\..\examples\ThirdPartyLibs\BussIK\MatrixRmn.h">
      <Filter>examples\ThirdPartyLibs\BussIK</Filter>
    </ClInclude>
    <ClInclude Include="..\..\examples\ThirdPartyLibs\BussIK\Node.h">
      <Filter>examples\ThirdPartyLibs\BussIK</Filter>
    </ClInclude>
    <ClInclude Include="..\..\examples\ThirdPartyLibs\BussIK\Spherical.h">
      <Filter>examples\ThirdPartyLibs\BussIK</Filter>
    </ClInclude>
    <ClInclude Include="..\..\examples\ThirdPartyLibs\BussIK\Tree.h">
      <Filter>examples\ThirdPartyLibs\BussIK</Filter>
    </ClInclude>
    <ClInclude Include="..\..\examples\ThirdPartyLibs\BussIK\VectorRn.h">
      <Filter>examples\ThirdPartyLibs\BussIK</Filter>
    </ClInclude>
  </ItemGroup>
  <ItemGroup>
    <ClCompile Include="..\..\examples\ThirdPartyLibs\BussIK\Jacobian.cpp">
      <Filter>examples\ThirdPartyLibs\BussIK</Filter>
    </ClCompile>
    <ClCompile Include="..\..\examples\ThirdPartyLibs\BussIK\LinearR2.cpp">
      <Filter>examples\ThirdPartyLibs\BussIK</Filter>
    </ClCompile>
    <ClCompile Include="..\..\examples\ThirdPartyLibs\BussIK\LinearR3.cpp">
      <Filter>examples\ThirdPartyLibs\BussIK</Filter>
    </ClCompile>
    <ClCompile Include="..\..\examples\ThirdPartyLibs\BussIK\LinearR4.cpp">
      <Filter>examples\ThirdPartyLibs\BussIK</Filter>
    </ClCompile>
    <ClCompile Include="..\..\examples\ThirdPartyLibs\BussIK\MatrixRmn.cpp">
      <Filter>examples\ThirdPartyLibs\BussIK</Filter>
    </ClCompile>
    <ClCompile Include="..\..\examples\ThirdPartyLibs\BussIK\Misc.cpp">
      <Filter>examples\ThirdPartyLibs\BussIK</Filter>
    </ClCompile>
    <ClCompile Include="..\..\examples\ThirdPartyLibs\BussIK\Node.cpp">
      <Filter>examples\ThirdPartyLibs\BussIK</Filter>
    </ClCompile>
    <ClCompile Include="..\..\examples\ThirdPartyLibs\BussIK\Tree.cpp">
      <Filter>examples\ThirdPartyLibs\BussIK</Filter>
    </ClCompile>
    <ClCompile Include="..\..\examples\ThirdPartyLibs\BussIK\VectorRn.cpp">
      <Filter>examples\ThirdPartyLibs\BussIK</Filter>
    </ClCompile>
  </ItemGroup>
</Project>
