<?xml version="1.0" encoding="utf-8"?>
<Project ToolsVersion="4.0" xmlns="http://schemas.microsoft.com/developer/msbuild/2003">
  <ItemGroup>
    <Filter Include="test">
      <UniqueIdentifier>{F477292A-103F-3F49-A2B0-A72F76B452EC}</UniqueIdentifier>
    </Filter>
    <Filter Include="test\enet">
      <UniqueIdentifier>{C39FA4F6-8F0A-E943-A227-8BDF9E869604}</UniqueIdentifier>
    </Filter>
    <Filter Include="test\enet\nat_punchthrough">
      <UniqueIdentifier>{04FA2B1C-5F7C-4C43-B5F3-4D9E665A6E95}</UniqueIdentifier>
    </Filter>
    <Filter Include="test\enet\nat_punchthrough\client">
      <UniqueIdentifier>{B1DAC2B7-65C7-0E40-AC70-C9594A17B1B9}</UniqueIdentifier>
    </Filter>
  </ItemGroup>
  <ItemGroup>
    <ClCompile Include="..\..\test\enet\nat_punchthrough\client\main.cpp">
      <Filter>test\enet\nat_punchthrough\client</Filter>
    </ClCompile>
  </ItemGroup>
</Project>
